// !$*UTF8*$!
{
	archiveVersion = 1;
	classes = {
	};
	objectVersion = 77;
	objects = {

/* Begin PBXBuildFile section */
		1CF4DB962DA8B8D200AD5A32 /* TapToTrackNotificationService.appex in Embed Foundation Extensions */ = {isa = PBXBuildFile; fileRef = 1CF4DB8F2DA8B8D200AD5A32 /* TapToTrackNotificationService.appex */; settings = {ATTRIBUTES = (RemoveHeadersOnCopy, ); }; };
		1CF4DBA72DA99C6100AD5A32 /* README.md in Resources */ = {isa = PBXBuildFile; fileRef = 1CF4DBA52DA99C6100AD5A32 /* README.md */; };
		1CF4DBA82DA99C6100AD5A32 /* CHANGELOG.md in Resources */ = {isa = PBXBuildFile; fileRef = 1CF4DBA12DA99C6100AD5A32 /* CHANGELOG.md */; };
		1CF4DBA92DA99C6100AD5A32 /* LICENCE (for the flic2lib binary).txt in Resources */ = {isa = PBXBuildFile; fileRef = 1CF4DBA42DA99C6100AD5A32 /* LICENCE (for the flic2lib binary).txt */; };
		1CF4DBAA2DA99C6100AD5A32 /* LICENCE (for the documentation and source code).txt in Resources */ = {isa = PBXBuildFile; fileRef = 1CF4DBA32DA99C6100AD5A32 /* LICENCE (for the documentation and source code).txt */; };
		1CF4DBAB2DA99C6100AD5A32 /* .gitignore in Resources */ = {isa = PBXBuildFile; fileRef = 1CF4DBA02DA99C6100AD5A32 /* .gitignore */; };
		1CF4DBAD2DA99CAC00AD5A32 /* flic2lib.xcframework in Frameworks */ = {isa = PBXBuildFile; fileRef = 1CF4DBA22DA99C6100AD5A32 /* flic2lib.xcframework */; };
		1CF4DBAE2DA99CAC00AD5A32 /* flic2lib.xcframework in Embed Frameworks */ = {isa = PBXBuildFile; fileRef = 1CF4DBA22DA99C6100AD5A32 /* flic2lib.xcframework */; settings = {ATTRIBUTES = (CodeSignOnCopy, RemoveHeadersOnCopy, ); }; };
/* End PBXBuildFile section */

/* Begin PBXContainerItemProxy section */
		1CBB70C22D948F100099286E /* PBXContainerItemProxy */ = {
			isa = PBXContainerItemProxy;
			containerPortal = 1CBB70A92D948F0F0099286E /* Project object */;
			proxyType = 1;
			remoteGlobalIDString = 1CBB70B02D948F0F0099286E;
			remoteInfo = TapToTrack;
		};
		1CBB70CC2D948F110099286E /* PBXContainerItemProxy */ = {
			isa = PBXContainerItemProxy;
			containerPortal = 1CBB70A92D948F0F0099286E /* Project object */;
			proxyType = 1;
			remoteGlobalIDString = 1CBB70B02D948F0F0099286E;
			remoteInfo = TapToTrack;
		};
		1CF4DB942DA8B8D200AD5A32 /* PBXContainerItemProxy */ = {
			isa = PBXContainerItemProxy;
			containerPortal = 1CBB70A92D948F0F0099286E /* Project object */;
			proxyType = 1;
			remoteGlobalIDString = 1CF4DB8E2DA8B8D200AD5A32;
			remoteInfo = TapToTrackNotificationService;
		};
/* End PBXContainerItemProxy section */

/* Begin PBXCopyFilesBuildPhase section */
		1CF4DB972DA8B8D200AD5A32 /* Embed Foundation Extensions */ = {
			isa = PBXCopyFilesBuildPhase;
			buildActionMask = 2147483647;
			dstPath = "";
			dstSubfolderSpec = 13;
			files = (
				1CF4DB962DA8B8D200AD5A32 /* TapToTrackNotificationService.appex in Embed Foundation Extensions */,
			);
			name = "Embed Foundation Extensions";
			runOnlyForDeploymentPostprocessing = 0;
		};
		1CF4DBAF2DA99CAC00AD5A32 /* Embed Frameworks */ = {
			isa = PBXCopyFilesBuildPhase;
			buildActionMask = 2147483647;
			dstPath = "";
			dstSubfolderSpec = 10;
			files = (
				1CF4DBAE2DA99CAC00AD5A32 /* flic2lib.xcframework in Embed Frameworks */,
			);
			name = "Embed Frameworks";
			runOnlyForDeploymentPostprocessing = 0;
		};
/* End PBXCopyFilesBuildPhase section */

/* Begin PBXFileReference section */
		1CBB70B12D948F0F0099286E /* TapToTrack.app */ = {isa = PBXFileReference; explicitFileType = wrapper.application; includeInIndex = 0; path = TapToTrack.app; sourceTree = BUILT_PRODUCTS_DIR; };
		1CBB70C12D948F100099286E /* TapToTrackTests.xctest */ = {isa = PBXFileReference; explicitFileType = wrapper.cfbundle; includeInIndex = 0; path = TapToTrackTests.xctest; sourceTree = BUILT_PRODUCTS_DIR; };
		1CBB70CB2D948F110099286E /* TapToTrackUITests.xctest */ = {isa = PBXFileReference; explicitFileType = wrapper.cfbundle; includeInIndex = 0; path = TapToTrackUITests.xctest; sourceTree = BUILT_PRODUCTS_DIR; };
		1CF4DB8F2DA8B8D200AD5A32 /* TapToTrackNotificationService.appex */ = {isa = PBXFileReference; explicitFileType = "wrapper.app-extension"; includeInIndex = 0; path = TapToTrackNotificationService.appex; sourceTree = BUILT_PRODUCTS_DIR; };
		1CF4DBA02DA99C6100AD5A32 /* .gitignore */ = {isa = PBXFileReference; lastKnownFileType = text; path = .gitignore; sourceTree = "<group>"; };
		1CF4DBA12DA99C6100AD5A32 /* CHANGELOG.md */ = {isa = PBXFileReference; lastKnownFileType = net.daringfireball.markdown; path = CHANGELOG.md; sourceTree = "<group>"; };
		1CF4DBA22DA99C6100AD5A32 /* flic2lib.xcframework */ = {isa = PBXFileReference; lastKnownFileType = wrapper.xcframework; path = flic2lib.xcframework; sourceTree = "<group>"; };
		1CF4DBA32DA99C6100AD5A32 /* LICENCE (for the documentation and source code).txt */ = {isa = PBXFileReference; lastKnownFileType = text; path = "LICENCE (for the documentation and source code).txt"; sourceTree = "<group>"; };
		1CF4DBA42DA99C6100AD5A32 /* LICENCE (for the flic2lib binary).txt */ = {isa = PBXFileReference; lastKnownFileType = text; path = "LICENCE (for the flic2lib binary).txt"; sourceTree = "<group>"; };
		1CF4DBA52DA99C6100AD5A32 /* README.md */ = {isa = PBXFileReference; lastKnownFileType = net.daringfireball.markdown; path = README.md; sourceTree = "<group>"; };
/* End PBXFileReference section */

/* Begin PBXFileSystemSynchronizedBuildFileExceptionSet section */
		1CBB71172D9737A60099286E /* Exceptions for "TapToTrack" folder in "TapToTrack" target */ = {
			isa = PBXFileSystemSynchronizedBuildFileExceptionSet;
			membershipExceptions = (
				Info.plist,
			);
			target = 1CBB70B02D948F0F0099286E /* TapToTrack */;
		};
		1CF4DB9B2DA8B8D200AD5A32 /* Exceptions for "TapToTrackNotificationService" folder in "TapToTrackNotificationService" target */ = {
			isa = PBXFileSystemSynchronizedBuildFileExceptionSet;
			membershipExceptions = (
				Info.plist,
			);
			target = 1CF4DB8E2DA8B8D200AD5A32 /* TapToTrackNotificationService */;
		};
/* End PBXFileSystemSynchronizedBuildFileExceptionSet section */

/* Begin PBXFileSystemSynchronizedRootGroup section */
		1CBB70B32D948F0F0099286E /* TapToTrack */ = {
			isa = PBXFileSystemSynchronizedRootGroup;
			exceptions = (
				1CBB71172D9737A60099286E /* Exceptions for "TapToTrack" folder in "TapToTrack" target */,
			);
			path = TapToTrack;
			sourceTree = "<group>";
		};
		1CBB70C42D948F100099286E /* TapToTrackTests */ = {
			isa = PBXFileSystemSynchronizedRootGroup;
			path = TapToTrackTests;
			sourceTree = "<group>";
		};
		1CBB70CE2D948F110099286E /* TapToTrackUITests */ = {
			isa = PBXFileSystemSynchronizedRootGroup;
			path = TapToTrackUITests;
			sourceTree = "<group>";
		};
		1CF4DB902DA8B8D200AD5A32 /* TapToTrackNotificationService */ = {
			isa = PBXFileSystemSynchronizedRootGroup;
			exceptions = (
				1CF4DB9B2DA8B8D200AD5A32 /* Exceptions for "TapToTrackNotificationService" folder in "TapToTrackNotificationService" target */,
			);
			path = TapToTrackNotificationService;
			sourceTree = "<group>";
		};
/* End PBXFileSystemSynchronizedRootGroup section */

/* Begin PBXFrameworksBuildPhase section */
		1CBB70AE2D948F0F0099286E /* Frameworks */ = {
			isa = PBXFrameworksBuildPhase;
			buildActionMask = 2147483647;
			files = (
				1CF4DBAD2DA99CAC00AD5A32 /* flic2lib.xcframework in Frameworks */,
			);
			runOnlyForDeploymentPostprocessing = 0;
		};
		1CBB70BE2D948F100099286E /* Frameworks */ = {
			isa = PBXFrameworksBuildPhase;
			buildActionMask = 2147483647;
			files = (
			);
			runOnlyForDeploymentPostprocessing = 0;
		};
		1CBB70C82D948F100099286E /* Frameworks */ = {
			isa = PBXFrameworksBuildPhase;
			buildActionMask = 2147483647;
			files = (
			);
			runOnlyForDeploymentPostprocessing = 0;
		};
		1CF4DB8C2DA8B8D200AD5A32 /* Frameworks */ = {
			isa = PBXFrameworksBuildPhase;
			buildActionMask = 2147483647;
			files = (
			);
			runOnlyForDeploymentPostprocessing = 0;
		};
/* End PBXFrameworksBuildPhase section */

/* Begin PBXGroup section */
		1CBB70A82D948F0F0099286E = {
			isa = PBXGroup;
			children = (
				1CBB70B32D948F0F0099286E /* TapToTrack */,
				1CBB70C42D948F100099286E /* TapToTrackTests */,
				1CBB70CE2D948F110099286E /* TapToTrackUITests */,
				1CF4DB902DA8B8D200AD5A32 /* TapToTrackNotificationService */,
				1CBB70B22D948F0F0099286E /* Products */,
				1CF4DBA62DA99C6100AD5A32 /* flic2lib-ios-1.2.0 */,
			);
			sourceTree = "<group>";
		};
		1CBB70B22D948F0F0099286E /* Products */ = {
			isa = PBXGroup;
			children = (
				1CBB70B12D948F0F0099286E /* TapToTrack.app */,
				1CBB70C12D948F100099286E /* TapToTrackTests.xctest */,
				1CBB70CB2D948F110099286E /* TapToTrackUITests.xctest */,
				1CF4DB8F2DA8B8D200AD5A32 /* TapToTrackNotificationService.appex */,
			);
			name = Products;
			sourceTree = "<group>";
		};
		1CF4DBA62DA99C6100AD5A32 /* flic2lib-ios-1.2.0 */ = {
			isa = PBXGroup;
			children = (
				1CF4DBA02DA99C6100AD5A32 /* .gitignore */,
				1CF4DBA12DA99C6100AD5A32 /* CHANGELOG.md */,
				1CF4DBA22DA99C6100AD5A32 /* flic2lib.xcframework */,
				1CF4DBA32DA99C6100AD5A32 /* LICENCE (for the documentation and source code).txt */,
				1CF4DBA42DA99C6100AD5A32 /* LICENCE (for the flic2lib binary).txt */,
				1CF4DBA52DA99C6100AD5A32 /* README.md */,
			);
			path = "flic2lib-ios-1.2.0";
			sourceTree = "<group>";
		};
/* End PBXGroup section */

/* Begin PBXNativeTarget section */
		1CBB70B02D948F0F0099286E /* TapToTrack */ = {
			isa = PBXNativeTarget;
			buildConfigurationList = 1CBB70D52D948F110099286E /* Build configuration list for PBXNativeTarget "TapToTrack" */;
			buildPhases = (
				1CBB70AD2D948F0F0099286E /* Sources */,
				1CBB70AE2D948F0F0099286E /* Frameworks */,
				1CBB70AF2D948F0F0099286E /* Resources */,
				1CF4DB972DA8B8D200AD5A32 /* Embed Foundation Extensions */,
				1CF4DBAF2DA99CAC00AD5A32 /* Embed Frameworks */,
			);
			buildRules = (
			);
			dependencies = (
				1CF4DB952DA8B8D200AD5A32 /* PBXTargetDependency */,
			);
			fileSystemSynchronizedGroups = (
				1CBB70B32D948F0F0099286E /* TapToTrack */,
			);
			name = TapToTrack;
			packageProductDependencies = (
			);
			productName = TapToTrack;
			productReference = 1CBB70B12D948F0F0099286E /* TapToTrack.app */;
			productType = "com.apple.product-type.application";
		};
		1CBB70C02D948F100099286E /* TapToTrackTests */ = {
			isa = PBXNativeTarget;
			buildConfigurationList = 1CBB70D82D948F110099286E /* Build configuration list for PBXNativeTarget "TapToTrackTests" */;
			buildPhases = (
				1CBB70BD2D948F100099286E /* Sources */,
				1CBB70BE2D948F100099286E /* Frameworks */,
				1CBB70BF2D948F100099286E /* Resources */,
			);
			buildRules = (
			);
			dependencies = (
				1CBB70C32D948F100099286E /* PBXTargetDependency */,
			);
			fileSystemSynchronizedGroups = (
				1CBB70C42D948F100099286E /* TapToTrackTests */,
			);
			name = TapToTrackTests;
			packageProductDependencies = (
			);
			productName = TapToTrackTests;
			productReference = 1CBB70C12D948F100099286E /* TapToTrackTests.xctest */;
			productType = "com.apple.product-type.bundle.unit-test";
		};
		1CBB70CA2D948F100099286E /* TapToTrackUITests */ = {
			isa = PBXNativeTarget;
			buildConfigurationList = 1CBB70DB2D948F110099286E /* Build configuration list for PBXNativeTarget "TapToTrackUITests" */;
			buildPhases = (
				1CBB70C72D948F100099286E /* Sources */,
				1CBB70C82D948F100099286E /* Frameworks */,
				1CBB70C92D948F100099286E /* Resources */,
			);
			buildRules = (
			);
			dependencies = (
				1CBB70CD2D948F110099286E /* PBXTargetDependency */,
			);
			fileSystemSynchronizedGroups = (
				1CBB70CE2D948F110099286E /* TapToTrackUITests */,
			);
			name = TapToTrackUITests;
			packageProductDependencies = (
			);
			productName = TapToTrackUITests;
			productReference = 1CBB70CB2D948F110099286E /* TapToTrackUITests.xctest */;
			productType = "com.apple.product-type.bundle.ui-testing";
		};
		1CF4DB8E2DA8B8D200AD5A32 /* TapToTrackNotificationService */ = {
			isa = PBXNativeTarget;
			buildConfigurationList = 1CF4DB9A2DA8B8D200AD5A32 /* Build configuration list for PBXNativeTarget "TapToTrackNotificationService" */;
			buildPhases = (
				1CF4DB8B2DA8B8D200AD5A32 /* Sources */,
				1CF4DB8C2DA8B8D200AD5A32 /* Frameworks */,
				1CF4DB8D2DA8B8D200AD5A32 /* Resources */,
			);
			buildRules = (
			);
			dependencies = (
			);
			fileSystemSynchronizedGroups = (
				1CF4DB902DA8B8D200AD5A32 /* TapToTrackNotificationService */,
			);
			name = TapToTrackNotificationService;
			packageProductDependencies = (
			);
			productName = TapToTrackNotificationService;
			productReference = 1CF4DB8F2DA8B8D200AD5A32 /* TapToTrackNotificationService.appex */;
			productType = "com.apple.product-type.app-extension";
		};
/* End PBXNativeTarget section */

/* Begin PBXProject section */
		1CBB70A92D948F0F0099286E /* Project object */ = {
			isa = PBXProject;
			attributes = {
				BuildIndependentTargetsInParallel = 1;
				LastSwiftUpdateCheck = 1630;
				LastUpgradeCheck = 1630;
				TargetAttributes = {
					1CBB70B02D948F0F0099286E = {
						CreatedOnToolsVersion = 16.2;
					};
					1CBB70C02D948F100099286E = {
						CreatedOnToolsVersion = 16.2;
						TestTargetID = 1CBB70B02D948F0F0099286E;
					};
					1CBB70CA2D948F100099286E = {
						CreatedOnToolsVersion = 16.2;
						TestTargetID = 1CBB70B02D948F0F0099286E;
					};
					1CF4DB8E2DA8B8D200AD5A32 = {
						CreatedOnToolsVersion = 16.3;
					};
				};
			};
			buildConfigurationList = 1CBB70AC2D948F0F0099286E /* Build configuration list for PBXProject "TapToTrack" */;
			developmentRegion = en;
			hasScannedForEncodings = 0;
			knownRegions = (
				en,
				Base,
			);
			mainGroup = 1CBB70A82D948F0F0099286E;
			minimizedProjectReferenceProxies = 1;
			preferredProjectObjectVersion = 77;
			productRefGroup = 1CBB70B22D948F0F0099286E /* Products */;
			projectDirPath = "";
			projectRoot = "";
			targets = (
				1CBB70B02D948F0F0099286E /* TapToTrack */,
				1CBB70C02D948F100099286E /* TapToTrackTests */,
				1CBB70CA2D948F100099286E /* TapToTrackUITests */,
				1CF4DB8E2DA8B8D200AD5A32 /* TapToTrackNotificationService */,
			);
		};
/* End PBXProject section */

/* Begin PBXResourcesBuildPhase section */
		1CBB70AF2D948F0F0099286E /* Resources */ = {
			isa = PBXResourcesBuildPhase;
			buildActionMask = 2147483647;
			files = (
				1CF4DBA72DA99C6100AD5A32 /* README.md in Resources */,
				1CF4DBA82DA99C6100AD5A32 /* CHANGELOG.md in Resources */,
				1CF4DBA92DA99C6100AD5A32 /* LICENCE (for the flic2lib binary).txt in Resources */,
				1CF4DBAA2DA99C6100AD5A32 /* LICENCE (for the documentation and source code).txt in Resources */,
				1CF4DBAB2DA99C6100AD5A32 /* .gitignore in Resources */,
			);
			runOnlyForDeploymentPostprocessing = 0;
		};
		1CBB70BF2D948F100099286E /* Resources */ = {
			isa = PBXResourcesBuildPhase;
			buildActionMask = 2147483647;
			files = (
			);
			runOnlyForDeploymentPostprocessing = 0;
		};
		1CBB70C92D948F100099286E /* Resources */ = {
			isa = PBXResourcesBuildPhase;
			buildActionMask = 2147483647;
			files = (
			);
			runOnlyForDeploymentPostprocessing = 0;
		};
		1CF4DB8D2DA8B8D200AD5A32 /* Resources */ = {
			isa = PBXResourcesBuildPhase;
			buildActionMask = 2147483647;
			files = (
			);
			runOnlyForDeploymentPostprocessing = 0;
		};
/* End PBXResourcesBuildPhase section */

/* Begin PBXSourcesBuildPhase section */
		1CBB70AD2D948F0F0099286E /* Sources */ = {
			isa = PBXSourcesBuildPhase;
			buildActionMask = 2147483647;
			files = (
			);
			runOnlyForDeploymentPostprocessing = 0;
		};
		1CBB70BD2D948F100099286E /* Sources */ = {
			isa = PBXSourcesBuildPhase;
			buildActionMask = 2147483647;
			files = (
			);
			runOnlyForDeploymentPostprocessing = 0;
		};
		1CBB70C72D948F100099286E /* Sources */ = {
			isa = PBXSourcesBuildPhase;
			buildActionMask = 2147483647;
			files = (
			);
			runOnlyForDeploymentPostprocessing = 0;
		};
		1CF4DB8B2DA8B8D200AD5A32 /* Sources */ = {
			isa = PBXSourcesBuildPhase;
			buildActionMask = 2147483647;
			files = (
			);
			runOnlyForDeploymentPostprocessing = 0;
		};
/* End PBXSourcesBuildPhase section */

/* Begin PBXTargetDependency section */
		1CBB70C32D948F100099286E /* PBXTargetDependency */ = {
			isa = PBXTargetDependency;
			target = 1CBB70B02D948F0F0099286E /* TapToTrack */;
			targetProxy = 1CBB70C22D948F100099286E /* PBXContainerItemProxy */;
		};
		1CBB70CD2D948F110099286E /* PBXTargetDependency */ = {
			isa = PBXTargetDependency;
			target = 1CBB70B02D948F0F0099286E /* TapToTrack */;
			targetProxy = 1CBB70CC2D948F110099286E /* PBXContainerItemProxy */;
		};
		1CF4DB952DA8B8D200AD5A32 /* PBXTargetDependency */ = {
			isa = PBXTargetDependency;
			target = 1CF4DB8E2DA8B8D200AD5A32 /* TapToTrackNotificationService */;
			targetProxy = 1CF4DB942DA8B8D200AD5A32 /* PBXContainerItemProxy */;
		};
/* End PBXTargetDependency section */

/* Begin XCBuildConfiguration section */
		1CBB70D32D948F110099286E /* Debug */ = {
			isa = XCBuildConfiguration;
			buildSettings = {
				ALWAYS_SEARCH_USER_PATHS = NO;
				ASSETCATALOG_COMPILER_GENERATE_SWIFT_ASSET_SYMBOL_EXTENSIONS = YES;
				CLANG_ANALYZER_NONNULL = YES;
				CLANG_ANALYZER_NUMBER_OBJECT_CONVERSION = YES_AGGRESSIVE;
				CLANG_CXX_LANGUAGE_STANDARD = "gnu++20";
				CLANG_ENABLE_MODULES = YES;
				CLANG_ENABLE_OBJC_ARC = YES;
				CLANG_ENABLE_OBJC_WEAK = YES;
				CLANG_WARN_BLOCK_CAPTURE_AUTORELEASING = YES;
				CLANG_WARN_BOOL_CONVERSION = YES;
				CLANG_WARN_COMMA = YES;
				CLANG_WARN_CONSTANT_CONVERSION = YES;
				CLANG_WARN_DEPRECATED_OBJC_IMPLEMENTATIONS = YES;
				CLANG_WARN_DIRECT_OBJC_ISA_USAGE = YES_ERROR;
				CLANG_WARN_DOCUMENTATION_COMMENTS = YES;
				CLANG_WARN_EMPTY_BODY = YES;
				CLANG_WARN_ENUM_CONVERSION = YES;
				CLANG_WARN_INFINITE_RECURSION = YES;
				CLANG_WARN_INT_CONVERSION = YES;
				CLANG_WARN_NON_LITERAL_NULL_CONVERSION = YES;
				CLANG_WARN_OBJC_IMPLICIT_RETAIN_SELF = YES;
				CLANG_WARN_OBJC_LITERAL_CONVERSION = YES;
				CLANG_WARN_OBJC_ROOT_CLASS = YES_ERROR;
				CLANG_WARN_QUOTED_INCLUDE_IN_FRAMEWORK_HEADER = YES;
				CLANG_WARN_RANGE_LOOP_ANALYSIS = YES;
				CLANG_WARN_STRICT_PROTOTYPES = YES;
				CLANG_WARN_SUSPICIOUS_MOVE = YES;
				CLANG_WARN_UNGUARDED_AVAILABILITY = YES_AGGRESSIVE;
				CLANG_WARN_UNREACHABLE_CODE = YES;
				CLANG_WARN__DUPLICATE_METHOD_MATCH = YES;
				COPY_PHASE_STRIP = NO;
				DEBUG_INFORMATION_FORMAT = dwarf;
				DEVELOPMENT_TEAM = MLF632K4X3;
				ENABLE_STRICT_OBJC_MSGSEND = YES;
				ENABLE_TESTABILITY = YES;
				ENABLE_USER_SCRIPT_SANDBOXING = YES;
				"FRAMEWORK_SEARCH_PATHS[arch=*]" = "$(PROJECT_DIR)";
				GCC_C_LANGUAGE_STANDARD = gnu17;
				GCC_DYNAMIC_NO_PIC = NO;
				GCC_NO_COMMON_BLOCKS = YES;
				GCC_OPTIMIZATION_LEVEL = 0;
				GCC_PREPROCESSOR_DEFINITIONS = (
					"DEBUG=1",
					"$(inherited)",
				);
				GCC_WARN_64_TO_32_BIT_CONVERSION = YES;
				GCC_WARN_ABOUT_RETURN_TYPE = YES_ERROR;
				GCC_WARN_UNDECLARED_SELECTOR = YES;
				GCC_WARN_UNINITIALIZED_AUTOS = YES_AGGRESSIVE;
				GCC_WARN_UNUSED_FUNCTION = YES;
				GCC_WARN_UNUSED_VARIABLE = YES;
				IPHONEOS_DEPLOYMENT_TARGET = 18.2;
				LOCALIZATION_PREFERS_STRING_CATALOGS = YES;
				MTL_ENABLE_DEBUG_INFO = INCLUDE_SOURCE;
				MTL_FAST_MATH = YES;
				ONLY_ACTIVE_ARCH = YES;
				SDKROOT = iphoneos;
				SWIFT_ACTIVE_COMPILATION_CONDITIONS = "DEBUG $(inherited)";
				"SWIFT_OBJC_BRIDGING_HEADER[arch=*]" = "TapToTrack-Bridging-Header.h";
				SWIFT_OPTIMIZATION_LEVEL = "-Onone";
			};
			name = Debug;
		};
		1CBB70D42D948F110099286E /* Release */ = {
			isa = XCBuildConfiguration;
			buildSettings = {
				ALWAYS_SEARCH_USER_PATHS = NO;
				ASSETCATALOG_COMPILER_GENERATE_SWIFT_ASSET_SYMBOL_EXTENSIONS = YES;
				CLANG_ANALYZER_NONNULL = YES;
				CLANG_ANALYZER_NUMBER_OBJECT_CONVERSION = YES_AGGRESSIVE;
				CLANG_CXX_LANGUAGE_STANDARD = "gnu++20";
				CLANG_ENABLE_MODULES = YES;
				CLANG_ENABLE_OBJC_ARC = YES;
				CLANG_ENABLE_OBJC_WEAK = YES;
				CLANG_WARN_BLOCK_CAPTURE_AUTORELEASING = YES;
				CLANG_WARN_BOOL_CONVERSION = YES;
				CLANG_WARN_COMMA = YES;
				CLANG_WARN_CONSTANT_CONVERSION = YES;
				CLANG_WARN_DEPRECATED_OBJC_IMPLEMENTATIONS = YES;
				CLANG_WARN_DIRECT_OBJC_ISA_USAGE = YES_ERROR;
				CLANG_WARN_DOCUMENTATION_COMMENTS = YES;
				CLANG_WARN_EMPTY_BODY = YES;
				CLANG_WARN_ENUM_CONVERSION = YES;
				CLANG_WARN_INFINITE_RECURSION = YES;
				CLANG_WARN_INT_CONVERSION = YES;
				CLANG_WARN_NON_LITERAL_NULL_CONVERSION = YES;
				CLANG_WARN_OBJC_IMPLICIT_RETAIN_SELF = YES;
				CLANG_WARN_OBJC_LITERAL_CONVERSION = YES;
				CLANG_WARN_OBJC_ROOT_CLASS = YES_ERROR;
				CLANG_WARN_QUOTED_INCLUDE_IN_FRAMEWORK_HEADER = YES;
				CLANG_WARN_RANGE_LOOP_ANALYSIS = YES;
				CLANG_WARN_STRICT_PROTOTYPES = YES;
				CLANG_WARN_SUSPICIOUS_MOVE = YES;
				CLANG_WARN_UNGUARDED_AVAILABILITY = YES_AGGRESSIVE;
				CLANG_WARN_UNREACHABLE_CODE = YES;
				CLANG_WARN__DUPLICATE_METHOD_MATCH = YES;
				COPY_PHASE_STRIP = NO;
				DEBUG_INFORMATION_FORMAT = "dwarf-with-dsym";
				DEVELOPMENT_TEAM = MLF632K4X3;
				ENABLE_NS_ASSERTIONS = NO;
				ENABLE_STRICT_OBJC_MSGSEND = YES;
				ENABLE_USER_SCRIPT_SANDBOXING = YES;
				"FRAMEWORK_SEARCH_PATHS[arch=*]" = "$(PROJECT_DIR)";
				GCC_C_LANGUAGE_STANDARD = gnu17;
				GCC_NO_COMMON_BLOCKS = YES;
				GCC_WARN_64_TO_32_BIT_CONVERSION = YES;
				GCC_WARN_ABOUT_RETURN_TYPE = YES_ERROR;
				GCC_WARN_UNDECLARED_SELECTOR = YES;
				GCC_WARN_UNINITIALIZED_AUTOS = YES_AGGRESSIVE;
				GCC_WARN_UNUSED_FUNCTION = YES;
				GCC_WARN_UNUSED_VARIABLE = YES;
				IPHONEOS_DEPLOYMENT_TARGET = 18.2;
				LOCALIZATION_PREFERS_STRING_CATALOGS = YES;
				MTL_ENABLE_DEBUG_INFO = NO;
				MTL_FAST_MATH = YES;
				SDKROOT = iphoneos;
				SWIFT_COMPILATION_MODE = wholemodule;
				"SWIFT_OBJC_BRIDGING_HEADER[arch=*]" = "TapToTrack-Bridging-Header.h";
				VALIDATE_PRODUCT = YES;
			};
			name = Release;
		};
		1CBB70D62D948F110099286E /* Debug */ = {
			isa = XCBuildConfiguration;
			buildSettings = {
				ASSETCATALOG_COMPILER_APPICON_NAME = AppIcon;
				ASSETCATALOG_COMPILER_GLOBAL_ACCENT_COLOR_NAME = AccentColor;
				CODE_SIGN_ENTITLEMENTS = TapToTrack/TapToTrack.entitlements;
				CODE_SIGN_STYLE = Automatic;
				CURRENT_PROJECT_VERSION = 1;
				DEVELOPMENT_ASSET_PATHS = "\"TapToTrack/Preview Content\"";
				ENABLE_PREVIEWS = YES;
				GENERATE_INFOPLIST_FILE = YES;
				INFOPLIST_FILE = TapToTrack/Info.plist;
				INFOPLIST_KEY_NSBluetoothAlwaysUsageDescription = "This app uses Bluetooth to connect to Flic buttons.";
				INFOPLIST_KEY_NSLocationWhenInUseUsageDescription = "This app needs location access to discover Flic buttons via Bluetooth.";
				INFOPLIST_KEY_UIApplicationSceneManifest_Generation = YES;
				INFOPLIST_KEY_UIApplicationSupportsIndirectInputEvents = YES;
				INFOPLIST_KEY_UILaunchScreen_Generation = YES;
				INFOPLIST_KEY_UISupportedInterfaceOrientations_iPad = "UIInterfaceOrientationPortrait UIInterfaceOrientationPortraitUpsideDown UIInterfaceOrientationLandscapeLeft UIInterfaceOrientationLandscapeRight";
				INFOPLIST_KEY_UISupportedInterfaceOrientations_iPhone = "UIInterfaceOrientationPortrait UIInterfaceOrientationLandscapeLeft UIInterfaceOrientationLandscapeRight";
				LD_RUNPATH_SEARCH_PATHS = (
					"$(inherited)",
					"@executable_path/Frameworks",
				);
				MARKETING_VERSION = 1.0;
				PRODUCT_BUNDLE_IDENTIFIER = torm.TapToTrack;
				PRODUCT_NAME = "$(TARGET_NAME)";
				SWIFT_EMIT_LOC_STRINGS = YES;
				"SWIFT_OBJC_BRIDGING_HEADER[arch=*]" = "TapToTrack/TapToTrack-Bridging-Header.h";
				SWIFT_VERSION = 5.0;
				"SYSTEM_FRAMEWORK_SEARCH_PATHS[arch=*]" = "$(PROJECT_DIR)";
				TARGETED_DEVICE_FAMILY = "1,2";
			};
			name = Debug;
		};
		1CBB70D72D948F110099286E /* Release */ = {
			isa = XCBuildConfiguration;
			buildSettings = {
				ASSETCATALOG_COMPILER_APPICON_NAME = AppIcon;
				ASSETCATALOG_COMPILER_GLOBAL_ACCENT_COLOR_NAME = AccentColor;
				CODE_SIGN_ENTITLEMENTS = TapToTrack/TapToTrack.entitlements;
				CODE_SIGN_STYLE = Automatic;
				CURRENT_PROJECT_VERSION = 1;
				DEVELOPMENT_ASSET_PATHS = "\"TapToTrack/Preview Content\"";
				ENABLE_PREVIEWS = YES;
				GENERATE_INFOPLIST_FILE = YES;
				INFOPLIST_FILE = TapToTrack/Info.plist;
				INFOPLIST_KEY_NSBluetoothAlwaysUsageDescription = "This app uses Bluetooth to connect to Flic buttons.";
				INFOPLIST_KEY_NSLocationWhenInUseUsageDescription = "This app needs location access to discover Flic buttons via Bluetooth.";
				INFOPLIST_KEY_UIApplicationSceneManifest_Generation = YES;
				INFOPLIST_KEY_UIApplicationSupportsIndirectInputEvents = YES;
				INFOPLIST_KEY_UILaunchScreen_Generation = YES;
				INFOPLIST_KEY_UISupportedInterfaceOrientations_iPad = "UIInterfaceOrientationPortrait UIInterfaceOrientationPortraitUpsideDown UIInterfaceOrientationLandscapeLeft UIInterfaceOrientationLandscapeRight";
				INFOPLIST_KEY_UISupportedInterfaceOrientations_iPhone = "UIInterfaceOrientationPortrait UIInterfaceOrientationLandscapeLeft UIInterfaceOrientationLandscapeRight";
				LD_RUNPATH_SEARCH_PATHS = (
					"$(inherited)",
					"@executable_path/Frameworks",
				);
				MARKETING_VERSION = 1.0;
				PRODUCT_BUNDLE_IDENTIFIER = torm.TapToTrack;
				PRODUCT_NAME = "$(TARGET_NAME)";
				SWIFT_EMIT_LOC_STRINGS = YES;
				"SWIFT_OBJC_BRIDGING_HEADER[arch=*]" = "TapToTrack/TapToTrack-Bridging-Header.h";
				SWIFT_VERSION = 5.0;
				"SYSTEM_FRAMEWORK_SEARCH_PATHS[arch=*]" = "$(PROJECT_DIR)";
				TARGETED_DEVICE_FAMILY = "1,2";
			};
			name = Release;
		};
		1CBB70D92D948F110099286E /* Debug */ = {
			isa = XCBuildConfiguration;
			buildSettings = {
				BUNDLE_LOADER = "$(TEST_HOST)";
				CODE_SIGN_STYLE = Automatic;
				CURRENT_PROJECT_VERSION = 1;
				GENERATE_INFOPLIST_FILE = YES;
				IPHONEOS_DEPLOYMENT_TARGET = 18.2;
				MARKETING_VERSION = 1.0;
				PRODUCT_BUNDLE_IDENTIFIER = torm.TapToTrackTests;
				PRODUCT_NAME = "$(TARGET_NAME)";
				SWIFT_EMIT_LOC_STRINGS = NO;
				SWIFT_VERSION = 5.0;
				TARGETED_DEVICE_FAMILY = "1,2";
				TEST_HOST = "$(BUILT_PRODUCTS_DIR)/TapToTrack.app/$(BUNDLE_EXECUTABLE_FOLDER_PATH)/TapToTrack";
			};
			name = Debug;
		};
		1CBB70DA2D948F110099286E /* Release */ = {
			isa = XCBuildConfiguration;
			buildSettings = {
				BUNDLE_LOADER = "$(TEST_HOST)";
				CODE_SIGN_STYLE = Automatic;
				CURRENT_PROJECT_VERSION = 1;
				GENERATE_INFOPLIST_FILE = YES;
				IPHONEOS_DEPLOYMENT_TARGET = 18.2;
				MARKETING_VERSION = 1.0;
				PRODUCT_BUNDLE_IDENTIFIER = torm.TapToTrackTests;
				PRODUCT_NAME = "$(TARGET_NAME)";
				SWIFT_EMIT_LOC_STRINGS = NO;
				SWIFT_VERSION = 5.0;
				TARGETED_DEVICE_FAMILY = "1,2";
				TEST_HOST = "$(BUILT_PRODUCTS_DIR)/TapToTrack.app/$(BUNDLE_EXECUTABLE_FOLDER_PATH)/TapToTrack";
			};
			name = Release;
		};
		1CBB70DC2D948F110099286E /* Debug */ = {
			isa = XCBuildConfiguration;
			buildSettings = {
				CODE_SIGN_STYLE = Automatic;
				CURRENT_PROJECT_VERSION = 1;
				GENERATE_INFOPLIST_FILE = YES;
				MARKETING_VERSION = 1.0;
				PRODUCT_BUNDLE_IDENTIFIER = torm.TapToTrackUITests;
				PRODUCT_NAME = "$(TARGET_NAME)";
				SWIFT_EMIT_LOC_STRINGS = NO;
				SWIFT_VERSION = 5.0;
				TARGETED_DEVICE_FAMILY = "1,2";
				TEST_TARGET_NAME = TapToTrack;
			};
			name = Debug;
		};
		1CBB70DD2D948F110099286E /* Release */ = {
			isa = XCBuildConfiguration;
			buildSettings = {
				CODE_SIGN_STYLE = Automatic;
				CURRENT_PROJECT_VERSION = 1;
				GENERATE_INFOPLIST_FILE = YES;
				MARKETING_VERSION = 1.0;
				PRODUCT_BUNDLE_IDENTIFIER = torm.TapToTrackUITests;
				PRODUCT_NAME = "$(TARGET_NAME)";
				SWIFT_EMIT_LOC_STRINGS = NO;
				SWIFT_VERSION = 5.0;
				TARGETED_DEVICE_FAMILY = "1,2";
				TEST_TARGET_NAME = TapToTrack;
			};
			name = Release;
		};
		1CF4DB982DA8B8D200AD5A32 /* Debug */ = {
			isa = XCBuildConfiguration;
			buildSettings = {
				CODE_SIGN_ENTITLEMENTS = TapToTrackNotificationService/TapToTrackNotificationService.entitlements;
				CODE_SIGN_STYLE = Automatic;
				CURRENT_PROJECT_VERSION = 1;
				GENERATE_INFOPLIST_FILE = YES;
				INFOPLIST_FILE = TapToTrackNotificationService/Info.plist;
				INFOPLIST_KEY_CFBundleDisplayName = TapToTrackNotificationService;
				INFOPLIST_KEY_NSHumanReadableCopyright = "";
				IPHONEOS_DEPLOYMENT_TARGET = 18.4;
				LD_RUNPATH_SEARCH_PATHS = (
					"$(inherited)",
					"@executable_path/Frameworks",
					"@executable_path/../../Frameworks",
				);
				MARKETING_VERSION = 1.0;
				PRODUCT_BUNDLE_IDENTIFIER = torm.TapToTrack.TapToTrackNotificationService;
				PRODUCT_NAME = "$(TARGET_NAME)";
				SKIP_INSTALL = YES;
				SWIFT_EMIT_LOC_STRINGS = YES;
				"SWIFT_OBJC_BRIDGING_HEADER[arch=*]" = "";
				SWIFT_VERSION = 5.0;
				TARGETED_DEVICE_FAMILY = "1,2";
			};
			name = Debug;
		};
		1CF4DB992DA8B8D200AD5A32 /* Release */ = {
			isa = XCBuildConfiguration;
			buildSettings = {
				CODE_SIGN_ENTITLEMENTS = TapToTrackNotificationService/TapToTrackNotificationService.entitlements;
				CODE_SIGN_STYLE = Automatic;
				CURRENT_PROJECT_VERSION = 1;
				GENERATE_INFOPLIST_FILE = YES;
				INFOPLIST_FILE = TapToTrackNotificationService/Info.plist;
				INFOPLIST_KEY_CFBundleDisplayName = TapToTrackNotificationService;
				INFOPLIST_KEY_NSHumanReadableCopyright = "";
				IPHONEOS_DEPLOYMENT_TARGET = 18.4;
				LD_RUNPATH_SEARCH_PATHS = (
					"$(inherited)",
					"@executable_path/Frameworks",
					"@executable_path/../../Frameworks",
				);
				MARKETING_VERSION = 1.0;
				PRODUCT_BUNDLE_IDENTIFIER = torm.TapToTrack.TapToTrackNotificationService;
				PRODUCT_NAME = "$(TARGET_NAME)";
				SKIP_INSTALL = YES;
				SWIFT_EMIT_LOC_STRINGS = YES;
				"SWIFT_OBJC_BRIDGING_HEADER[arch=*]" = "";
				SWIFT_VERSION = 5.0;
				TARGETED_DEVICE_FAMILY = "1,2";
			};
			name = Release;
		};
/* End XCBuildConfiguration section */

/* Begin XCConfigurationList section */
		1CBB70AC2D948F0F0099286E /* Build configuration list for PBXProject "TapToTrack" */ = {
			isa = XCConfigurationList;
			buildConfigurations = (
				1CBB70D32D948F110099286E /* Debug */,
				1CBB70D42D948F110099286E /* Release */,
			);
			defaultConfigurationIsVisible = 0;
			defaultConfigurationName = Release;
		};
		1CBB70D52D948F110099286E /* Build configuration list for PBXNativeTarget "TapToTrack" */ = {
			isa = XCConfigurationList;
			buildConfigurations = (
				1CBB70D62D948F110099286E /* Debug */,
				1CBB70D72D948F110099286E /* Release */,
			);
			defaultConfigurationIsVisible = 0;
			defaultConfigurationName = Release;
		};
		1CBB70D82D948F110099286E /* Build configuration list for PBXNativeTarget "TapToTrackTests" */ = {
			isa = XCConfigurationList;
			buildConfigurations = (
				1CBB70D92D948F110099286E /* Debug */,
				1CBB70DA2D948F110099286E /* Release */,
			);
			defaultConfigurationIsVisible = 0;
			defaultConfigurationName = Release;
		};
		1CBB70DB2D948F110099286E /* Build configuration list for PBXNativeTarget "TapToTrackUITests" */ = {
			isa = XCConfigurationList;
			buildConfigurations = (
				1CBB70DC2D948F110099286E /* Debug */,
				1CBB70DD2D948F110099286E /* Release */,
			);
			defaultConfigurationIsVisible = 0;
			defaultConfigurationName = Release;
		};
		1CF4DB9A2DA8B8D200AD5A32 /* Build configuration list for PBXNativeTarget "TapToTrackNotificationService" */ = {
			isa = XCConfigurationList;
			buildConfigurations = (
				1CF4DB982DA8B8D200AD5A32 /* Debug */,
				1CF4DB992DA8B8D200AD5A32 /* Release */,
			);
			defaultConfigurationIsVisible = 0;
			defaultConfigurationName = Release;
		};
/* End XCConfigurationList section */
	};
	rootObject = 1CBB70A92D948F0F0099286E /* Project object */;
}
